
Microsoft Visual Studio Solution File, Format Version 12.00
# Visual Studio Version 17
VisualStudioVersion = 17.7.34221.43
MinimumVisualStudioVersion = 10.0.40219.1
Project("{FAE04EC0-301F-11D3-BF4B-00C04F79EFBC}") = "SimpleMvvmPatternInWpf", "SimpleMvvmPatternInWpf.csproj", "{AAEC516E-683F-4089-9CA7-FB2A9BD66CAE}"
EndProject
Global
	GlobalSection(SolutionConfigurationPlatforms) = preSolution
		Debug|Any CPU = Debug|Any CPU
		Release|Any CPU = Release|Any CPU
	EndGlobalSection
	GlobalSection(ProjectConfigurationPlatforms) = postSolution
		{AAEC516E-683F-4089-9CA7-FB2A9BD66CAE}.Debug|Any CPU.ActiveCfg = Debug|Any CPU
		{AAEC516E-683F-4089-9CA7-FB2A9BD66CAE}.Debug|Any CPU.Build.0 = Debug|Any CPU
		{AAEC516E-683F-4089-9CA7-FB2A9BD66CAE}.Release|Any CPU.ActiveCfg = Release|Any CPU
		{AAEC516E-683F-4089-9CA7-FB2A9BD66CAE}.Release|Any CPU.Build.0 = Release|Any CPU
	EndGlobalSection
	GlobalSection(SolutionProperties) = preSolution
		HideSolutionNode = FALSE
	EndGlobalSection
	GlobalSection(ExtensibilityGlobals) = postSolution
		SolutionGuid = {3B8C3935-266F-43D2-A19F-4F3161668C0E}
	EndGlobalSection
EndGlobal
